
Microsoft Visual Studio Solution File, Format Version 11.00
# Visual Studio 2010
Project("{8BC9CEB8-8B4A-11D0-8D11-00A0C91BC942}") = "MinerLib_cpp", "MinerLib_cpp.vcxproj", "{D5AEFA84-A80E-4801-90BC-48B7E7C9F8E7}"
EndProject
Project("{8BC9CEB8-8B4A-11D0-8D11-00A0C91BC942}") = "TestClient_cpp", "..\TestClient_cpp\TestClient_cpp.vcxproj", "{FF6410C9-932B-403E-BA04-F28CAD80F9E7}"
	ProjectSection(ProjectDependencies) = postProject
		{D5AEFA84-A80E-4801-90BC-48B7E7C9F8E7} = {D5AEFA84-A80E-4801-90BC-48B7E7C9F8E7}
	EndProjectSection
EndProject
Project("{8BC9CEB8-8B4A-11D0-8D11-00A0C91BC942}") = "AndroidMiner", "..\AndroidMiner\AndroidMiner.vcxproj", "{AA7FCD02-719A-44BE-BCBD-42989D0BE22E}"
	ProjectSection(ProjectDependencies) = postProject
		{D5AEFA84-A80E-4801-90BC-48B7E7C9F8E7} = {D5AEFA84-A80E-4801-90BC-48B7E7C9F8E7}
	EndProjectSection
EndProject
Project("{FAE04EC0-301F-11D3-BF4B-00C04F79EFBC}") = "WinMinerCS", "..\WinMinerCS\WinMinerCS.csproj", "{CA80ED30-73DB-4EAD-BF92-1DB1B2FCFD04}"
	ProjectSection(ProjectDependencies) = postProject
		{D5AEFA84-A80E-4801-90BC-48B7E7C9F8E7} = {D5AEFA84-A80E-4801-90BC-48B7E7C9F8E7}
	EndProjectSection
EndProject
Global
	GlobalSection(SolutionConfigurationPlatforms) = preSolution
		Debug DLL|Android = Debug DLL|Android
		Debug DLL|Mixed Platforms = Debug DLL|Mixed Platforms
		Debug DLL|Win32 = Debug DLL|Win32
		Debug DLL|x86 = Debug DLL|x86
		Debug|Android = Debug|Android
		Debug|Mixed Platforms = Debug|Mixed Platforms
		Debug|Win32 = Debug|Win32
		Debug|x86 = Debug|x86
		Release DLL|Android = Release DLL|Android
		Release DLL|Mixed Platforms = Release DLL|Mixed Platforms
		Release DLL|Win32 = Release DLL|Win32
		Release DLL|x86 = Release DLL|x86
		Release|Android = Release|Android
		Release|Mixed Platforms = Release|Mixed Platforms
		Release|Win32 = Release|Win32
		Release|x86 = Release|x86
	EndGlobalSection
	GlobalSection(ProjectConfigurationPlatforms) = postSolution
		{D5AEFA84-A80E-4801-90BC-48B7E7C9F8E7}.Debug DLL|Android.ActiveCfg = Debug DLL|Android
		{D5AEFA84-A80E-4801-90BC-48B7E7C9F8E7}.Debug DLL|Android.Build.0 = Debug DLL|Android
		{D5AEFA84-A80E-4801-90BC-48B7E7C9F8E7}.Debug DLL|Android.Deploy.0 = Debug DLL|Android
		{D5AEFA84-A80E-4801-90BC-48B7E7C9F8E7}.Debug DLL|Mixed Platforms.ActiveCfg = Debug DLL|Win32
		{D5AEFA84-A80E-4801-90BC-48B7E7C9F8E7}.Debug DLL|Mixed Platforms.Build.0 = Debug DLL|Win32
		{D5AEFA84-A80E-4801-90BC-48B7E7C9F8E7}.Debug DLL|Win32.ActiveCfg = Debug DLL|Win32
		{D5AEFA84-A80E-4801-90BC-48B7E7C9F8E7}.Debug DLL|Win32.Build.0 = Debug DLL|Win32
		{D5AEFA84-A80E-4801-90BC-48B7E7C9F8E7}.Debug DLL|x86.ActiveCfg = Debug DLL|Win32
		{D5AEFA84-A80E-4801-90BC-48B7E7C9F8E7}.Debug|Android.ActiveCfg = Debug|Android
		{D5AEFA84-A80E-4801-90BC-48B7E7C9F8E7}.Debug|Android.Build.0 = Debug|Android
		{D5AEFA84-A80E-4801-90BC-48B7E7C9F8E7}.Debug|Android.Deploy.0 = Debug|Android
		{D5AEFA84-A80E-4801-90BC-48B7E7C9F8E7}.Debug|Mixed Platforms.ActiveCfg = Debug|Win32
		{D5AEFA84-A80E-4801-90BC-48B7E7C9F8E7}.Debug|Mixed Platforms.Build.0 = Debug|Win32
		{D5AEFA84-A80E-4801-90BC-48B7E7C9F8E7}.Debug|Win32.ActiveCfg = Debug|Win32
		{D5AEFA84-A80E-4801-90BC-48B7E7C9F8E7}.Debug|Win32.Build.0 = Debug|Win32
		{D5AEFA84-A80E-4801-90BC-48B7E7C9F8E7}.Debug|x86.ActiveCfg = Debug|Win32
		{D5AEFA84-A80E-4801-90BC-48B7E7C9F8E7}.Release DLL|Android.ActiveCfg = Release DLL|Android
		{D5AEFA84-A80E-4801-90BC-48B7E7C9F8E7}.Release DLL|Android.Build.0 = Release DLL|Android
		{D5AEFA84-A80E-4801-90BC-48B7E7C9F8E7}.Release DLL|Android.Deploy.0 = Release DLL|Android
		{D5AEFA84-A80E-4801-90BC-48B7E7C9F8E7}.Release DLL|Mixed Platforms.ActiveCfg = Release DLL|Win32
		{D5AEFA84-A80E-4801-90BC-48B7E7C9F8E7}.Release DLL|Mixed Platforms.Build.0 = Release DLL|Win32
		{D5AEFA84-A80E-4801-90BC-48B7E7C9F8E7}.Release DLL|Win32.ActiveCfg = Release DLL|Win32
		{D5AEFA84-A80E-4801-90BC-48B7E7C9F8E7}.Release DLL|Win32.Build.0 = Release DLL|Win32
		{D5AEFA84-A80E-4801-90BC-48B7E7C9F8E7}.Release DLL|x86.ActiveCfg = Release DLL|Win32
		{D5AEFA84-A80E-4801-90BC-48B7E7C9F8E7}.Release|Android.ActiveCfg = Release|Android
		{D5AEFA84-A80E-4801-90BC-48B7E7C9F8E7}.Release|Android.Build.0 = Release|Android
		{D5AEFA84-A80E-4801-90BC-48B7E7C9F8E7}.Release|Android.Deploy.0 = Release|Android
		{D5AEFA84-A80E-4801-90BC-48B7E7C9F8E7}.Release|Mixed Platforms.ActiveCfg = Release|Win32
		{D5AEFA84-A80E-4801-90BC-48B7E7C9F8E7}.Release|Mixed Platforms.Build.0 = Release|Win32
		{D5AEFA84-A80E-4801-90BC-48B7E7C9F8E7}.Release|Win32.ActiveCfg = Release|Win32
		{D5AEFA84-A80E-4801-90BC-48B7E7C9F8E7}.Release|Win32.Build.0 = Release|Win32
		{D5AEFA84-A80E-4801-90BC-48B7E7C9F8E7}.Release|x86.ActiveCfg = Release|Win32
		{FF6410C9-932B-403E-BA04-F28CAD80F9E7}.Debug DLL|Android.ActiveCfg = Debug DLL|Win32
		{FF6410C9-932B-403E-BA04-F28CAD80F9E7}.Debug DLL|Mixed Platforms.ActiveCfg = Debug DLL|Win32
		{FF6410C9-932B-403E-BA04-F28CAD80F9E7}.Debug DLL|Mixed Platforms.Build.0 = Debug DLL|Win32
		{FF6410C9-932B-403E-BA04-F28CAD80F9E7}.Debug DLL|Win32.ActiveCfg = Debug DLL|Win32
		{FF6410C9-932B-403E-BA04-F28CAD80F9E7}.Debug DLL|Win32.Build.0 = Debug DLL|Win32
		{FF6410C9-932B-403E-BA04-F28CAD80F9E7}.Debug DLL|x86.ActiveCfg = Debug DLL|Win32
		{FF6410C9-932B-403E-BA04-F28CAD80F9E7}.Debug|Android.ActiveCfg = Debug|Win32
		{FF6410C9-932B-403E-BA04-F28CAD80F9E7}.Debug|Mixed Platforms.ActiveCfg = Debug|Win32
		{FF6410C9-932B-403E-BA04-F28CAD80F9E7}.Debug|Mixed Platforms.Build.0 = Debug|Win32
		{FF6410C9-932B-403E-BA04-F28CAD80F9E7}.Debug|Win32.ActiveCfg = Debug|Win32
		{FF6410C9-932B-403E-BA04-F28CAD80F9E7}.Debug|Win32.Build.0 = Debug|Win32
		{FF6410C9-932B-403E-BA04-F28CAD80F9E7}.Debug|x86.ActiveCfg = Debug|Win32
		{FF6410C9-932B-403E-BA04-F28CAD80F9E7}.Release DLL|Android.ActiveCfg = Release DLL|Win32
		{FF6410C9-932B-403E-BA04-F28CAD80F9E7}.Release DLL|Mixed Platforms.ActiveCfg = Release DLL|Win32
		{FF6410C9-932B-403E-BA04-F28CAD80F9E7}.Release DLL|Mixed Platforms.Build.0 = Release DLL|Win32
		{FF6410C9-932B-403E-BA04-F28CAD80F9E7}.Release DLL|Win32.ActiveCfg = Release DLL|Win32
		{FF6410C9-932B-403E-BA04-F28CAD80F9E7}.Release DLL|Win32.Build.0 = Release DLL|Win32
		{FF6410C9-932B-403E-BA04-F28CAD80F9E7}.Release DLL|x86.ActiveCfg = Release DLL|Win32
		{FF6410C9-932B-403E-BA04-F28CAD80F9E7}.Release|Android.ActiveCfg = Release|Win32
		{FF6410C9-932B-403E-BA04-F28CAD80F9E7}.Release|Mixed Platforms.ActiveCfg = Release|Win32
		{FF6410C9-932B-403E-BA04-F28CAD80F9E7}.Release|Mixed Platforms.Build.0 = Release|Win32
		{FF6410C9-932B-403E-BA04-F28CAD80F9E7}.Release|Win32.ActiveCfg = Release|Win32
		{FF6410C9-932B-403E-BA04-F28CAD80F9E7}.Release|Win32.Build.0 = Release|Win32
		{FF6410C9-932B-403E-BA04-F28CAD80F9E7}.Release|x86.ActiveCfg = Release|Win32
		{AA7FCD02-719A-44BE-BCBD-42989D0BE22E}.Debug DLL|Android.ActiveCfg = Debug DLL|Android
		{AA7FCD02-719A-44BE-BCBD-42989D0BE22E}.Debug DLL|Android.Deploy.0 = Debug DLL|Android
		{AA7FCD02-719A-44BE-BCBD-42989D0BE22E}.Debug DLL|Mixed Platforms.ActiveCfg = Debug DLL|Android
		{AA7FCD02-719A-44BE-BCBD-42989D0BE22E}.Debug DLL|Mixed Platforms.Build.0 = Debug DLL|Android
		{AA7FCD02-719A-44BE-BCBD-42989D0BE22E}.Debug DLL|Mixed Platforms.Deploy.0 = Debug DLL|Android
		{AA7FCD02-719A-44BE-BCBD-42989D0BE22E}.Debug DLL|Win32.ActiveCfg = Debug DLL|Android
		{AA7FCD02-719A-44BE-BCBD-42989D0BE22E}.Debug DLL|x86.ActiveCfg = Debug DLL|Android
		{AA7FCD02-719A-44BE-BCBD-42989D0BE22E}.Debug|Android.ActiveCfg = Debug|Android
		{AA7FCD02-719A-44BE-BCBD-42989D0BE22E}.Debug|Android.Build.0 = Debug|Android
		{AA7FCD02-719A-44BE-BCBD-42989D0BE22E}.Debug|Android.Deploy.0 = Debug|Android
		{AA7FCD02-719A-44BE-BCBD-42989D0BE22E}.Debug|Mixed Platforms.ActiveCfg = Debug|Android
		{AA7FCD02-719A-44BE-BCBD-42989D0BE22E}.Debug|Mixed Platforms.Build.0 = Debug|Android
		{AA7FCD02-719A-44BE-BCBD-42989D0BE22E}.Debug|Mixed Platforms.Deploy.0 = Debug|Android
		{AA7FCD02-719A-44BE-BCBD-42989D0BE22E}.Debug|Win32.ActiveCfg = Debug|Android
		{AA7FCD02-719A-44BE-BCBD-42989D0BE22E}.Debug|x86.ActiveCfg = Debug|Android
		{AA7FCD02-719A-44BE-BCBD-42989D0BE22E}.Release DLL|Android.ActiveCfg = Release DLL|Android
		{AA7FCD02-719A-44BE-BCBD-42989D0BE22E}.Release DLL|Android.Deploy.0 = Release DLL|Android
		{AA7FCD02-719A-44BE-BCBD-42989D0BE22E}.Release DLL|Mixed Platforms.ActiveCfg = Release DLL|Android
		{AA7FCD02-719A-44BE-BCBD-42989D0BE22E}.Release DLL|Mixed Platforms.Build.0 = Release DLL|Android
		{AA7FCD02-719A-44BE-BCBD-42989D0BE22E}.Release DLL|Mixed Platforms.Deploy.0 = Release DLL|Android
		{AA7FCD02-719A-44BE-BCBD-42989D0BE22E}.Release DLL|Win32.ActiveCfg = Release DLL|Android
		{AA7FCD02-719A-44BE-BCBD-42989D0BE22E}.Release DLL|x86.ActiveCfg = Release DLL|Android
		{AA7FCD02-719A-44BE-BCBD-42989D0BE22E}.Release|Android.ActiveCfg = Release|Android
		{AA7FCD02-719A-44BE-BCBD-42989D0BE22E}.Release|Android.Build.0 = Release|Android
		{AA7FCD02-719A-44BE-BCBD-42989D0BE22E}.Release|Android.Deploy.0 = Release|Android
		{AA7FCD02-719A-44BE-BCBD-42989D0BE22E}.Release|Mixed Platforms.ActiveCfg = Release|Android
		{AA7FCD02-719A-44BE-BCBD-42989D0BE22E}.Release|Mixed Platforms.Build.0 = Release|Android
		{AA7FCD02-719A-44BE-BCBD-42989D0BE22E}.Release|Mixed Platforms.Deploy.0 = Release|Android
		{AA7FCD02-719A-44BE-BCBD-42989D0BE22E}.Release|Win32.ActiveCfg = Release|Android
		{AA7FCD02-719A-44BE-BCBD-42989D0BE22E}.Release|x86.ActiveCfg = Release|Android
		{CA80ED30-73DB-4EAD-BF92-1DB1B2FCFD04}.Debug DLL|Android.ActiveCfg = Debug|x86
		{CA80ED30-73DB-4EAD-BF92-1DB1B2FCFD04}.Debug DLL|Mixed Platforms.ActiveCfg = Debug|x86
		{CA80ED30-73DB-4EAD-BF92-1DB1B2FCFD04}.Debug DLL|Mixed Platforms.Build.0 = Debug|x86
		{CA80ED30-73DB-4EAD-BF92-1DB1B2FCFD04}.Debug DLL|Win32.ActiveCfg = Debug|x86
		{CA80ED30-73DB-4EAD-BF92-1DB1B2FCFD04}.Debug DLL|x86.ActiveCfg = Debug|x86
		{CA80ED30-73DB-4EAD-BF92-1DB1B2FCFD04}.Debug DLL|x86.Build.0 = Debug|x86
		{CA80ED30-73DB-4EAD-BF92-1DB1B2FCFD04}.Debug|Android.ActiveCfg = Debug|x86
		{CA80ED30-73DB-4EAD-BF92-1DB1B2FCFD04}.Debug|Mixed Platforms.ActiveCfg = Debug|x86
		{CA80ED30-73DB-4EAD-BF92-1DB1B2FCFD04}.Debug|Mixed Platforms.Build.0 = Debug|x86
		{CA80ED30-73DB-4EAD-BF92-1DB1B2FCFD04}.Debug|Win32.ActiveCfg = Debug|x86
		{CA80ED30-73DB-4EAD-BF92-1DB1B2FCFD04}.Debug|x86.ActiveCfg = Debug|x86
		{CA80ED30-73DB-4EAD-BF92-1DB1B2FCFD04}.Debug|x86.Build.0 = Debug|x86
		{CA80ED30-73DB-4EAD-BF92-1DB1B2FCFD04}.Release DLL|Android.ActiveCfg = Release|x86
		{CA80ED30-73DB-4EAD-BF92-1DB1B2FCFD04}.Release DLL|Mixed Platforms.ActiveCfg = Release|x86
		{CA80ED30-73DB-4EAD-BF92-1DB1B2FCFD04}.Release DLL|Mixed Platforms.Build.0 = Release|x86
		{CA80ED30-73DB-4EAD-BF92-1DB1B2FCFD04}.Release DLL|Win32.ActiveCfg = Release|x86
		{CA80ED30-73DB-4EAD-BF92-1DB1B2FCFD04}.Release DLL|x86.ActiveCfg = Release|x86
		{CA80ED30-73DB-4EAD-BF92-1DB1B2FCFD04}.Release DLL|x86.Build.0 = Release|x86
		{CA80ED30-73DB-4EAD-BF92-1DB1B2FCFD04}.Release|Android.ActiveCfg = Release|x86
		{CA80ED30-73DB-4EAD-BF92-1DB1B2FCFD04}.Release|Mixed Platforms.ActiveCfg = Release|x86
		{CA80ED30-73DB-4EAD-BF92-1DB1B2FCFD04}.Release|Mixed Platforms.Build.0 = Release|x86
		{CA80ED30-73DB-4EAD-BF92-1DB1B2FCFD04}.Release|Win32.ActiveCfg = Release|x86
		{CA80ED30-73DB-4EAD-BF92-1DB1B2FCFD04}.Release|x86.ActiveCfg = Release|x86
		{CA80ED30-73DB-4EAD-BF92-1DB1B2FCFD04}.Release|x86.Build.0 = Release|x86
	EndGlobalSection
	GlobalSection(SolutionProperties) = preSolution
		HideSolutionNode = FALSE
	EndGlobalSection
EndGlobal
