<?xml version="1.0" encoding="utf-8"?>
<Project ToolsVersion="4.0" xmlns="http://schemas.microsoft.com/developer/msbuild/2003">
  <ItemGroup>
    <Filter Include="Source Files">
      <UniqueIdentifier>{4FC737F1-C7A5-4376-A066-2A32D752A2FF}</UniqueIdentifier>
      <Extensions>cpp;c;cc;cxx;def;odl;idl;hpj;bat;asm;asmx</Extensions>
    </Filter>
    <Filter Include="Header Files">
      <UniqueIdentifier>{d3b4505e-1222-4355-960d-ce05f765378e}</UniqueIdentifier>
    </Filter>
  </ItemGroup>
  <ItemGroup>
    <ClCompile Include="src\F2M_MinerConnection.cpp">
      <Filter>Source Files</Filter>
    </ClCompile>
    <ClCompile Include="src\F2M_Net_win32.cpp">
      <Filter>Source Files</Filter>
    </ClCompile>
    <ClCompile Include="src\F2M_MiningThreadManager.cpp">
      <Filter>Source Files</Filter>
    </ClCompile>
    <ClCompile Include="src\F2M_WorkThread.cpp">
      <Filter>Source Files</Filter>
    </ClCompile>
    <ClCompile Include="src\F2M_WorkThread_win32.cpp">
      <Filter>Source Files</Filter>
    </ClCompile>
    <ClCompile Include="src\F2M_ScryptSSE.cpp">
      <Filter>Source Files</Filter>
    </ClCompile>
    <ClCompile Include="src\F2M_Scrypt.cpp">
      <Filter>Source Files</Filter>
    </ClCompile>
    <ClCompile Include="src\F2M_Utils.cpp">
      <Filter>Source Files</Filter>
    </ClCompile>
    <ClCompile Include="src\F2M_Timer_win32.cpp">
      <Filter>Source Files</Filter>
    </ClCompile>
    <ClCompile Include="src\F2M_Sockets_win32.cpp">
      <Filter>Source Files</Filter>
    </ClCompile>
    <ClCompile Include="src\F2M_Net_posix.cpp">
      <Filter>Source Files</Filter>
    </ClCompile>
    <ClCompile Include="src\F2M_Sockets_posix.cpp">
      <Filter>Source Files</Filter>
    </ClCompile>
    <ClCompile Include="src\F2M_Timer_posix.cpp">
      <Filter>Source Files</Filter>
    </ClCompile>
    <ClCompile Include="src\F2M_WorkThread_posix.cpp">
      <Filter>Source Files</Filter>
    </ClCompile>
    <ClCompile Include="src\F2M_GPUThread_OpenCL.cpp">
      <Filter>Source Files</Filter>
    </ClCompile>
    <ClCompile Include="src\F2M_UnitTest.cpp">
      <Filter>Source Files</Filter>
    </ClCompile>
    <ClCompile Include="src\F2M_GPUThread_none.cpp">
      <Filter>Source Files</Filter>
    </ClCompile>
    <ClCompile Include="src\F2M_Dll.cpp">
      <Filter>Source Files</Filter>
    </ClCompile>
    <ClCompile Include="src\F2M_Utils_x86.cpp">
      <Filter>Source Files</Filter>
    </ClCompile>
  </ItemGroup>
  <ItemGroup>
    <ClInclude Include="include\F2M_MinerConnection.h">
      <Filter>Header Files</Filter>
    </ClInclude>
    <ClInclude Include="include\F2M_Work.h">
      <Filter>Header Files</Filter>
    </ClInclude>
    <ClInclude Include="include\F2M_Sockets.h">
      <Filter>Header Files</Filter>
    </ClInclude>
    <ClInclude Include="include\F2M_Net.h">
      <Filter>Header Files</Filter>
    </ClInclude>
    <ClInclude Include="include\F2M_Hash.h">
      <Filter>Header Files</Filter>
    </ClInclude>
    <ClInclude Include="include\F2M_MiningThreadManager.h">
      <Filter>Header Files</Filter>
    </ClInclude>
    <ClInclude Include="include\F2M_WorkThread.h">
      <Filter>Header Files</Filter>
    </ClInclude>
    <ClInclude Include="include\F2M_GPUThread.h">
      <Filter>Header Files</Filter>
    </ClInclude>
    <ClInclude Include="include\F2M_Utils.h">
      <Filter>Header Files</Filter>
    </ClInclude>
    <ClInclude Include="include\F2M_Timer.h">
      <Filter>Header Files</Filter>
    </ClInclude>
    <ClInclude Include="include\F2M_HashSSE.h">
      <Filter>Header Files</Filter>
    </ClInclude>
    <ClInclude Include="include\F2M_UnitTest.h">
      <Filter>Header Files</Filter>
    </ClInclude>
    <ClInclude Include="include\F2M_Platform.h">
      <Filter>Header Files</Filter>
    </ClInclude>
    <ClInclude Include="include\F2M_Dll.h">
      <Filter>Header Files</Filter>
    </ClInclude>
  </ItemGroup>
</Project>