
Microsoft Visual Studio Solution File, Format Version 11.00
# Visual Studio 2010
Project("{FAE04EC0-301F-11D3-BF4B-00C04F79EFBC}") = "CentralMine.NET", "CentralMine.NET.csproj", "{B2C32204-8EBC-4EED-B3ED-50BF19161EF4}"
EndProject
Project("{FAE04EC0-301F-11D3-BF4B-00C04F79EFBC}") = "Bitnet.Client", "..\bitnet-code\Bitnet.Client\Bitnet.Client.csproj", "{90D3E431-02DF-432F-9F09-ED6E934BACD2}"
EndProject
Project("{FAE04EC0-301F-11D3-BF4B-00C04F79EFBC}") = "HashrateCalculator", "HashrateCalculator\HashrateCalculator.csproj", "{8D496BCA-7821-44D7-906F-2782732768EA}"
EndProject
Project("{FAE04EC0-301F-11D3-BF4B-00C04F79EFBC}") = "MinerLib_cs", "MinerLib_cs\MinerLib_cs.csproj", "{B6133F1D-10EF-4BF9-8F88-51C6070FC47C}"
EndProject
Project("{FAE04EC0-301F-11D3-BF4B-00C04F79EFBC}") = "CryptoIRC", "CryptoIRC\CryptoIRC.csproj", "{F5090BA5-9E35-46D4-A59D-1F0842596F08}"
EndProject
Project("{FAE04EC0-301F-11D3-BF4B-00C04F79EFBC}") = "BCNet", "BCNet\BCNet.csproj", "{D4AAEDA7-206B-43C4-AA38-8C9CF3F43D17}"
EndProject
Global
	GlobalSection(SolutionConfigurationPlatforms) = preSolution
		Debug|Any CPU = Debug|Any CPU
		Debug|Mixed Platforms = Debug|Mixed Platforms
		Debug|x86 = Debug|x86
		Release|Any CPU = Release|Any CPU
		Release|Mixed Platforms = Release|Mixed Platforms
		Release|x86 = Release|x86
	EndGlobalSection
	GlobalSection(ProjectConfigurationPlatforms) = postSolution
		{B2C32204-8EBC-4EED-B3ED-50BF19161EF4}.Debug|Any CPU.ActiveCfg = Debug|x86
		{B2C32204-8EBC-4EED-B3ED-50BF19161EF4}.Debug|Mixed Platforms.ActiveCfg = Debug|x86
		{B2C32204-8EBC-4EED-B3ED-50BF19161EF4}.Debug|Mixed Platforms.Build.0 = Debug|x86
		{B2C32204-8EBC-4EED-B3ED-50BF19161EF4}.Debug|x86.ActiveCfg = Debug|x86
		{B2C32204-8EBC-4EED-B3ED-50BF19161EF4}.Debug|x86.Build.0 = Debug|x86
		{B2C32204-8EBC-4EED-B3ED-50BF19161EF4}.Release|Any CPU.ActiveCfg = Release|x86
		{B2C32204-8EBC-4EED-B3ED-50BF19161EF4}.Release|Mixed Platforms.ActiveCfg = Release|x86
		{B2C32204-8EBC-4EED-B3ED-50BF19161EF4}.Release|Mixed Platforms.Build.0 = Release|x86
		{B2C32204-8EBC-4EED-B3ED-50BF19161EF4}.Release|x86.ActiveCfg = Release|x86
		{B2C32204-8EBC-4EED-B3ED-50BF19161EF4}.Release|x86.Build.0 = Release|x86
		{90D3E431-02DF-432F-9F09-ED6E934BACD2}.Debug|Any CPU.ActiveCfg = Debug|Any CPU
		{90D3E431-02DF-432F-9F09-ED6E934BACD2}.Debug|Any CPU.Build.0 = Debug|Any CPU
		{90D3E431-02DF-432F-9F09-ED6E934BACD2}.Debug|Mixed Platforms.ActiveCfg = Debug|Any CPU
		{90D3E431-02DF-432F-9F09-ED6E934BACD2}.Debug|Mixed Platforms.Build.0 = Debug|Any CPU
		{90D3E431-02DF-432F-9F09-ED6E934BACD2}.Debug|x86.ActiveCfg = Debug|Any CPU
		{90D3E431-02DF-432F-9F09-ED6E934BACD2}.Release|Any CPU.ActiveCfg = Release|Any CPU
		{90D3E431-02DF-432F-9F09-ED6E934BACD2}.Release|Any CPU.Build.0 = Release|Any CPU
		{90D3E431-02DF-432F-9F09-ED6E934BACD2}.Release|Mixed Platforms.ActiveCfg = Release|Any CPU
		{90D3E431-02DF-432F-9F09-ED6E934BACD2}.Release|Mixed Platforms.Build.0 = Release|Any CPU
		{90D3E431-02DF-432F-9F09-ED6E934BACD2}.Release|x86.ActiveCfg = Release|Any CPU
		{8D496BCA-7821-44D7-906F-2782732768EA}.Debug|Any CPU.ActiveCfg = Debug|x86
		{8D496BCA-7821-44D7-906F-2782732768EA}.Debug|Mixed Platforms.ActiveCfg = Debug|x86
		{8D496BCA-7821-44D7-906F-2782732768EA}.Debug|Mixed Platforms.Build.0 = Debug|x86
		{8D496BCA-7821-44D7-906F-2782732768EA}.Debug|x86.ActiveCfg = Debug|x86
		{8D496BCA-7821-44D7-906F-2782732768EA}.Debug|x86.Build.0 = Debug|x86
		{8D496BCA-7821-44D7-906F-2782732768EA}.Release|Any CPU.ActiveCfg = Release|x86
		{8D496BCA-7821-44D7-906F-2782732768EA}.Release|Mixed Platforms.ActiveCfg = Release|x86
		{8D496BCA-7821-44D7-906F-2782732768EA}.Release|Mixed Platforms.Build.0 = Release|x86
		{8D496BCA-7821-44D7-906F-2782732768EA}.Release|x86.ActiveCfg = Release|x86
		{8D496BCA-7821-44D7-906F-2782732768EA}.Release|x86.Build.0 = Release|x86
		{B6133F1D-10EF-4BF9-8F88-51C6070FC47C}.Debug|Any CPU.ActiveCfg = Debug|Any CPU
		{B6133F1D-10EF-4BF9-8F88-51C6070FC47C}.Debug|Any CPU.Build.0 = Debug|Any CPU
		{B6133F1D-10EF-4BF9-8F88-51C6070FC47C}.Debug|Mixed Platforms.ActiveCfg = Debug|Any CPU
		{B6133F1D-10EF-4BF9-8F88-51C6070FC47C}.Debug|Mixed Platforms.Build.0 = Debug|Any CPU
		{B6133F1D-10EF-4BF9-8F88-51C6070FC47C}.Debug|x86.ActiveCfg = Debug|Any CPU
		{B6133F1D-10EF-4BF9-8F88-51C6070FC47C}.Release|Any CPU.ActiveCfg = Release|Any CPU
		{B6133F1D-10EF-4BF9-8F88-51C6070FC47C}.Release|Any CPU.Build.0 = Release|Any CPU
		{B6133F1D-10EF-4BF9-8F88-51C6070FC47C}.Release|Mixed Platforms.ActiveCfg = Release|Any CPU
		{B6133F1D-10EF-4BF9-8F88-51C6070FC47C}.Release|Mixed Platforms.Build.0 = Release|Any CPU
		{B6133F1D-10EF-4BF9-8F88-51C6070FC47C}.Release|x86.ActiveCfg = Release|Any CPU
		{F5090BA5-9E35-46D4-A59D-1F0842596F08}.Debug|Any CPU.ActiveCfg = Debug|Any CPU
		{F5090BA5-9E35-46D4-A59D-1F0842596F08}.Debug|Any CPU.Build.0 = Debug|Any CPU
		{F5090BA5-9E35-46D4-A59D-1F0842596F08}.Debug|Mixed Platforms.ActiveCfg = Debug|Any CPU
		{F5090BA5-9E35-46D4-A59D-1F0842596F08}.Debug|Mixed Platforms.Build.0 = Debug|Any CPU
		{F5090BA5-9E35-46D4-A59D-1F0842596F08}.Debug|x86.ActiveCfg = Debug|Any CPU
		{F5090BA5-9E35-46D4-A59D-1F0842596F08}.Release|Any CPU.ActiveCfg = Release|Any CPU
		{F5090BA5-9E35-46D4-A59D-1F0842596F08}.Release|Any CPU.Build.0 = Release|Any CPU
		{F5090BA5-9E35-46D4-A59D-1F0842596F08}.Release|Mixed Platforms.ActiveCfg = Release|Any CPU
		{F5090BA5-9E35-46D4-A59D-1F0842596F08}.Release|Mixed Platforms.Build.0 = Release|Any CPU
		{F5090BA5-9E35-46D4-A59D-1F0842596F08}.Release|x86.ActiveCfg = Release|Any CPU
		{D4AAEDA7-206B-43C4-AA38-8C9CF3F43D17}.Debug|Any CPU.ActiveCfg = Debug|Any CPU
		{D4AAEDA7-206B-43C4-AA38-8C9CF3F43D17}.Debug|Any CPU.Build.0 = Debug|Any CPU
		{D4AAEDA7-206B-43C4-AA38-8C9CF3F43D17}.Debug|Mixed Platforms.ActiveCfg = Debug|Any CPU
		{D4AAEDA7-206B-43C4-AA38-8C9CF3F43D17}.Debug|Mixed Platforms.Build.0 = Debug|Any CPU
		{D4AAEDA7-206B-43C4-AA38-8C9CF3F43D17}.Debug|x86.ActiveCfg = Debug|Any CPU
		{D4AAEDA7-206B-43C4-AA38-8C9CF3F43D17}.Release|Any CPU.ActiveCfg = Release|Any CPU
		{D4AAEDA7-206B-43C4-AA38-8C9CF3F43D17}.Release|Any CPU.Build.0 = Release|Any CPU
		{D4AAEDA7-206B-43C4-AA38-8C9CF3F43D17}.Release|Mixed Platforms.ActiveCfg = Release|Any CPU
		{D4AAEDA7-206B-43C4-AA38-8C9CF3F43D17}.Release|Mixed Platforms.Build.0 = Release|Any CPU
		{D4AAEDA7-206B-43C4-AA38-8C9CF3F43D17}.Release|x86.ActiveCfg = Release|Any CPU
	EndGlobalSection
	GlobalSection(SolutionProperties) = preSolution
		HideSolutionNode = FALSE
	EndGlobalSection
EndGlobal
